
Microsoft Visual Studio Solution File, Format Version 12.00
# Visual Studio Version 17
VisualStudioVersion = 17.0.31717.71
MinimumVisualStudioVersion = 10.0.40219.1
Project("{9A19103F-16F7-4668-BE54-9A1E7A4F7556}") = "AvitoParserDemo", "Apps\AvitoParserDemo\AvitoParserDemo.csproj", "{29A169FC-8E76-46E6-B769-2C37EAAAE035}"
EndProject
Project("{9A19103F-16F7-4668-BE54-9A1E7A4F7556}") = "ExceptionTestDemo", "Apps\ExceptionTestDemo\ExceptionTestDemo.csproj", "{CD79BC8F-0567-47D7-BA7B-4B3A12B49738}"
EndProject
Project("{9A19103F-16F7-4668-BE54-9A1E7A4F7556}") = "FibonacciSequenceDemo", "Apps\FibonacciSequenceDemo\FibonacciSequenceDemo.csproj", "{251CF6FA-5DE9-4E83-B12F-DEE6A2948AB6}"
EndProject
Project("{9A19103F-16F7-4668-BE54-9A1E7A4F7556}") = "MyBirthdayDemo", "Apps\MyBirthdayDemo\MyBirthdayDemo.csproj", "{B3DDA766-F4D6-44CA-A23E-C085C3FBAFA8}"
EndProject
Project("{9A19103F-16F7-4668-BE54-9A1E7A4F7556}") = "PetStoreDemo", "Apps\PetStoreDemo\PetStoreDemo.csproj", "{9DFFD665-0511-4132-A8B5-E2BEB42658C6}"
EndProject
Project("{FAE04EC0-301F-11D3-BF4B-00C04F79EFBC}") = "CustomStackDemo", "Apps\CustomStackDemo\CustomStackDemo.csproj", "{6C4F954E-9B51-439A-BF69-55940C2E80CC}"
EndProject
Global
	GlobalSection(SolutionConfigurationPlatforms) = preSolution
		Debug|Any CPU = Debug|Any CPU
		Release|Any CPU = Release|Any CPU
	EndGlobalSection
	GlobalSection(ProjectConfigurationPlatforms) = postSolution
		{29A169FC-8E76-46E6-B769-2C37EAAAE035}.Debug|Any CPU.ActiveCfg = Debug|Any CPU
		{29A169FC-8E76-46E6-B769-2C37EAAAE035}.Debug|Any CPU.Build.0 = Debug|Any CPU
		{29A169FC-8E76-46E6-B769-2C37EAAAE035}.Release|Any CPU.ActiveCfg = Release|Any CPU
		{29A169FC-8E76-46E6-B769-2C37EAAAE035}.Release|Any CPU.Build.0 = Release|Any CPU
		{CD79BC8F-0567-47D7-BA7B-4B3A12B49738}.Debug|Any CPU.ActiveCfg = Debug|Any CPU
		{CD79BC8F-0567-47D7-BA7B-4B3A12B49738}.Debug|Any CPU.Build.0 = Debug|Any CPU
		{CD79BC8F-0567-47D7-BA7B-4B3A12B49738}.Release|Any CPU.ActiveCfg = Release|Any CPU
		{CD79BC8F-0567-47D7-BA7B-4B3A12B49738}.Release|Any CPU.Build.0 = Release|Any CPU
		{251CF6FA-5DE9-4E83-B12F-DEE6A2948AB6}.Debug|Any CPU.ActiveCfg = Debug|Any CPU
		{251CF6FA-5DE9-4E83-B12F-DEE6A2948AB6}.Debug|Any CPU.Build.0 = Debug|Any CPU
		{251CF6FA-5DE9-4E83-B12F-DEE6A2948AB6}.Release|Any CPU.ActiveCfg = Release|Any CPU
		{251CF6FA-5DE9-4E83-B12F-DEE6A2948AB6}.Release|Any CPU.Build.0 = Release|Any CPU
		{B3DDA766-F4D6-44CA-A23E-C085C3FBAFA8}.Debug|Any CPU.ActiveCfg = Debug|Any CPU
		{B3DDA766-F4D6-44CA-A23E-C085C3FBAFA8}.Debug|Any CPU.Build.0 = Debug|Any CPU
		{B3DDA766-F4D6-44CA-A23E-C085C3FBAFA8}.Release|Any CPU.ActiveCfg = Release|Any CPU
		{B3DDA766-F4D6-44CA-A23E-C085C3FBAFA8}.Release|Any CPU.Build.0 = Release|Any CPU
		{9DFFD665-0511-4132-A8B5-E2BEB42658C6}.Debug|Any CPU.ActiveCfg = Debug|Any CPU
		{9DFFD665-0511-4132-A8B5-E2BEB42658C6}.Debug|Any CPU.Build.0 = Debug|Any CPU
		{9DFFD665-0511-4132-A8B5-E2BEB42658C6}.Release|Any CPU.ActiveCfg = Release|Any CPU
		{9DFFD665-0511-4132-A8B5-E2BEB42658C6}.Release|Any CPU.Build.0 = Release|Any CPU
		{6C4F954E-9B51-439A-BF69-55940C2E80CC}.Debug|Any CPU.ActiveCfg = Debug|Any CPU
		{6C4F954E-9B51-439A-BF69-55940C2E80CC}.Debug|Any CPU.Build.0 = Debug|Any CPU
		{6C4F954E-9B51-439A-BF69-55940C2E80CC}.Release|Any CPU.ActiveCfg = Release|Any CPU
		{6C4F954E-9B51-439A-BF69-55940C2E80CC}.Release|Any CPU.Build.0 = Release|Any CPU
	EndGlobalSection
	GlobalSection(SolutionProperties) = preSolution
		HideSolutionNode = FALSE
	EndGlobalSection
	GlobalSection(ExtensibilityGlobals) = postSolution
		SolutionGuid = {D9FDE69E-9B02-4D3E-AB41-C656DD0D014E}
	EndGlobalSection
EndGlobal
